<?xml version="1.0" encoding="utf-8"?>
<Project ToolsVersion="4.0" xmlns="http://schemas.microsoft.com/developer/msbuild/2003">
  <ItemGroup>
    <Filter Include="리소스 파일">
      <UniqueIdentifier>{67DA6AB6-F800-4c08-8B7A-83BB121AAD01}</UniqueIdentifier>
      <Extensions>rc;ico;cur;bmp;dlg;rc2;rct;bin;rgs;gif;jpg;jpeg;jpe;resx;tiff;tif;png;wav;mfcribbon-ms</Extensions>
    </Filter>
    <Filter Include="OVER_EXP">
      <UniqueIdentifier>{f0a680c1-3f80-4e93-8a1c-1d863115bb09}</UniqueIdentifier>
    </Filter>
    <Filter Include="PCH">
      <UniqueIdentifier>{f5c1bf2e-82d9-4087-b470-f9b675286ae8}</UniqueIdentifier>
    </Filter>
    <Filter Include="Main">
      <UniqueIdentifier>{27f29f9d-fa7e-42ab-a50f-4f30d02944b2}</UniqueIdentifier>
    </Filter>
    <Filter Include="OBJECT_EXP">
      <UniqueIdentifier>{00065802-97f1-45e5-bba5-7da074a6d3b7}</UniqueIdentifier>
    </Filter>
    <Filter Include="OBJECT_EXP\1. Object">
      <UniqueIdentifier>{7559ac8a-3bdc-4f2d-a3ab-44682431ac18}</UniqueIdentifier>
    </Filter>
    <Filter Include="OBJECT_EXP\3. SESSION">
      <UniqueIdentifier>{da06d838-7490-4b48-ac4f-39f52ecc5bd3}</UniqueIdentifier>
    </Filter>
    <Filter Include="OBJECT_EXP\2. NPC">
      <UniqueIdentifier>{e8351712-6ff2-4723-bce2-c2ee6e48161a}</UniqueIdentifier>
    </Filter>
    <Filter Include="SECTOR">
      <UniqueIdentifier>{e49da753-da9f-4fb3-8646-b19de5f7fe68}</UniqueIdentifier>
    </Filter>
    <Filter Include="DB">
      <UniqueIdentifier>{59a4bcc1-889e-443b-9e4f-8a763fba5a38}</UniqueIdentifier>
    </Filter>
    <Filter Include="SCRIPTS">
      <UniqueIdentifier>{03f824f8-85e5-4dbb-8eb4-1810b0dcfd10}</UniqueIdentifier>
    </Filter>
    <Filter Include="ScriptManager">
      <UniqueIdentifier>{d68f562d-bed0-4048-b5de-343817b3dde3}</UniqueIdentifier>
    </Filter>
    <Filter Include="NetworkModule">
      <UniqueIdentifier>{4FC737F1-C7A5-4376-A066-2A32D752A2FF}</UniqueIdentifier>
      <Extensions>cpp;c;cc;cxx;c++;cppm;ixx;def;odl;idl;hpj;bat;asm;asmx</Extensions>
    </Filter>
    <Filter Include="AI">
      <UniqueIdentifier>{f2653ba0-a0a9-443d-b7c2-e43af806988f}</UniqueIdentifier>
    </Filter>
    <Filter Include="PROTOCOL">
      <UniqueIdentifier>{93995380-89BD-4b04-88EB-625FBE52EBFB}</UniqueIdentifier>
      <Extensions>h;hh;hpp;hxx;h++;hm;inl;inc;ipp;xsd</Extensions>
    </Filter>
  </ItemGroup>
  <ItemGroup>
    <ClCompile Include="network.cpp">
      <Filter>NetworkModule</Filter>
    </ClCompile>
    <ClCompile Include="pch.cpp">
      <Filter>PCH</Filter>
    </ClCompile>
    <ClCompile Include="Object.cpp">
      <Filter>OBJECT_EXP\1. Object</Filter>
    </ClCompile>
    <ClCompile Include="session.cpp">
      <Filter>OBJECT_EXP\3. SESSION</Filter>
    </ClCompile>
    <ClCompile Include="npc.cpp">
      <Filter>OBJECT_EXP\2. NPC</Filter>
    </ClCompile>
    <ClCompile Include="GameServer.cpp">
      <Filter>Main</Filter>
    </ClCompile>
    <ClCompile Include="db.cpp">
      <Filter>DB</Filter>
    </ClCompile>
    <ClCompile Include="lua_manager.cpp">
      <Filter>ScriptManager</Filter>
    </ClCompile>
  </ItemGroup>
  <ItemGroup>
    <ClInclude Include="pch.h">
      <Filter>PCH</Filter>
    </ClInclude>
    <ClInclude Include="globals.h">
      <Filter>OVER_EXP</Filter>
    </ClInclude>
    <ClInclude Include="Object.h">
      <Filter>OBJECT_EXP\1. Object</Filter>
    </ClInclude>
    <ClInclude Include="session.h">
      <Filter>OBJECT_EXP\3. SESSION</Filter>
    </ClInclude>
    <ClInclude Include="NPC.h">
      <Filter>OBJECT_EXP\2. NPC</Filter>
    </ClInclude>
    <ClInclude Include="sector.h">
      <Filter>SECTOR</Filter>
    </ClInclude>
    <ClInclude Include="..\..\COMMON\PROTOCOL\protocol_2026.h">
      <Filter>PROTOCOL</Filter>
    </ClInclude>
    <ClInclude Include="db.h">
      <Filter>DB</Filter>
    </ClInclude>
    <ClInclude Include="lua_manager.h">
      <Filter>ScriptManager</Filter>
    </ClInclude>
    <ClInclude Include="astar.h">
      <Filter>AI</Filter>
    </ClInclude>
    <ClInclude Include="server.h">
      <Filter>NetworkModule</Filter>
    </ClInclude>
  </ItemGroup>
  <ItemGroup>
    <None Include="packages.config" />
    <None Include="map.lua">
      <Filter>SCRIPTS</Filter>
    </None>
  </ItemGroup>
</Project>